
Microsoft Visual Studio Solution File, Format Version 12.00
Project("{2150E333-8FDC-42A3-9474-1A3956D46DE8}") = "src", "src", "{C2402B5C-2CD0-49E6-A91E-8D005B46F352}"
EndProject
Project("{2150E333-8FDC-42A3-9474-1A3956D46DE8}") = "Application", "Application", "{756E5276-66F5-4BE5-9874-A2730492F34D}"
EndProject
Project("{2150E333-8FDC-42A3-9474-1A3956D46DE8}") = "Domain", "Domain", "{9087A3A3-CA09-44D8-8186-364193084392}"
EndProject
Project("{2150E333-8FDC-42A3-9474-1A3956D46DE8}") = "Infrastructure", "Infrastructure", "{5A0EEA1C-EBAC-4564-AE3B-8AE9D578F5BA}"
EndProject
Project("{2150E333-8FDC-42A3-9474-1A3956D46DE8}") = "Presentation", "Presentation", "{91047BFC-C591-4896-98E8-544ACCACD8F3}"
EndProject
Project("{FAE04EC0-301F-11D3-BF4B-00C04F79EFBC}") = "Domain", "Domain\Domain.csproj", "{1BD35F8E-706E-44BB-862F-84D1CFA7CF16}"
EndProject
Project("{FAE04EC0-301F-11D3-BF4B-00C04F79EFBC}") = "Application.Client", "Application.Client\Application.Client.csproj", "{FCF458F8-CE26-4ADE-B767-0D738DDC3291}"
EndProject
Project("{FAE04EC0-301F-11D3-BF4B-00C04F79EFBC}") = "Application.Admin", "Application.Admin\Application.Admin.csproj", "{A13310A8-F00D-44C2-9CF3-570FE5F011EB}"
EndProject
Project("{FAE04EC0-301F-11D3-BF4B-00C04F79EFBC}") = "Infrastructure.Persistence", "Infrastructure.Persistence\Infrastructure.Persistence.csproj", "{63CC064F-9BAD-4C0E-AB5C-27038123679C}"
EndProject
Project("{FAE04EC0-301F-11D3-BF4B-00C04F79EFBC}") = "WebApi.Admin", "WebApi.Admin\WebApi.Admin.csproj", "{923FFD54-E769-48A7-BFC7-9080F54FCB62}"
EndProject
Project("{FAE04EC0-301F-11D3-BF4B-00C04F79EFBC}") = "WebApi.Client", "WebApi.Client\WebApi.Client.csproj", "{073D9ED5-EFE1-48B1-94FC-5100E7D73A41}"
EndProject
Global
	GlobalSection(SolutionConfigurationPlatforms) = preSolution
		Debug|Any CPU = Debug|Any CPU
		Release|Any CPU = Release|Any CPU
	EndGlobalSection
	GlobalSection(ProjectConfigurationPlatforms) = postSolution
		{1BD35F8E-706E-44BB-862F-84D1CFA7CF16}.Debug|Any CPU.ActiveCfg = Debug|Any CPU
		{1BD35F8E-706E-44BB-862F-84D1CFA7CF16}.Debug|Any CPU.Build.0 = Debug|Any CPU
		{1BD35F8E-706E-44BB-862F-84D1CFA7CF16}.Release|Any CPU.ActiveCfg = Release|Any CPU
		{1BD35F8E-706E-44BB-862F-84D1CFA7CF16}.Release|Any CPU.Build.0 = Release|Any CPU
		{FCF458F8-CE26-4ADE-B767-0D738DDC3291}.Debug|Any CPU.ActiveCfg = Debug|Any CPU
		{FCF458F8-CE26-4ADE-B767-0D738DDC3291}.Debug|Any CPU.Build.0 = Debug|Any CPU
		{FCF458F8-CE26-4ADE-B767-0D738DDC3291}.Release|Any CPU.ActiveCfg = Release|Any CPU
		{FCF458F8-CE26-4ADE-B767-0D738DDC3291}.Release|Any CPU.Build.0 = Release|Any CPU
		{A13310A8-F00D-44C2-9CF3-570FE5F011EB}.Debug|Any CPU.ActiveCfg = Debug|Any CPU
		{A13310A8-F00D-44C2-9CF3-570FE5F011EB}.Debug|Any CPU.Build.0 = Debug|Any CPU
		{A13310A8-F00D-44C2-9CF3-570FE5F011EB}.Release|Any CPU.ActiveCfg = Release|Any CPU
		{A13310A8-F00D-44C2-9CF3-570FE5F011EB}.Release|Any CPU.Build.0 = Release|Any CPU
		{63CC064F-9BAD-4C0E-AB5C-27038123679C}.Debug|Any CPU.ActiveCfg = Debug|Any CPU
		{63CC064F-9BAD-4C0E-AB5C-27038123679C}.Debug|Any CPU.Build.0 = Debug|Any CPU
		{63CC064F-9BAD-4C0E-AB5C-27038123679C}.Release|Any CPU.ActiveCfg = Release|Any CPU
		{63CC064F-9BAD-4C0E-AB5C-27038123679C}.Release|Any CPU.Build.0 = Release|Any CPU
		{923FFD54-E769-48A7-BFC7-9080F54FCB62}.Debug|Any CPU.ActiveCfg = Debug|Any CPU
		{923FFD54-E769-48A7-BFC7-9080F54FCB62}.Debug|Any CPU.Build.0 = Debug|Any CPU
		{923FFD54-E769-48A7-BFC7-9080F54FCB62}.Release|Any CPU.ActiveCfg = Release|Any CPU
		{923FFD54-E769-48A7-BFC7-9080F54FCB62}.Release|Any CPU.Build.0 = Release|Any CPU
		{073D9ED5-EFE1-48B1-94FC-5100E7D73A41}.Debug|Any CPU.ActiveCfg = Debug|Any CPU
		{073D9ED5-EFE1-48B1-94FC-5100E7D73A41}.Debug|Any CPU.Build.0 = Debug|Any CPU
		{073D9ED5-EFE1-48B1-94FC-5100E7D73A41}.Release|Any CPU.ActiveCfg = Release|Any CPU
		{073D9ED5-EFE1-48B1-94FC-5100E7D73A41}.Release|Any CPU.Build.0 = Release|Any CPU
	EndGlobalSection
	GlobalSection(NestedProjects) = preSolution
		{756E5276-66F5-4BE5-9874-A2730492F34D} = {C2402B5C-2CD0-49E6-A91E-8D005B46F352}
		{9087A3A3-CA09-44D8-8186-364193084392} = {C2402B5C-2CD0-49E6-A91E-8D005B46F352}
		{5A0EEA1C-EBAC-4564-AE3B-8AE9D578F5BA} = {C2402B5C-2CD0-49E6-A91E-8D005B46F352}
		{91047BFC-C591-4896-98E8-544ACCACD8F3} = {C2402B5C-2CD0-49E6-A91E-8D005B46F352}
		{1BD35F8E-706E-44BB-862F-84D1CFA7CF16} = {9087A3A3-CA09-44D8-8186-364193084392}
		{FCF458F8-CE26-4ADE-B767-0D738DDC3291} = {756E5276-66F5-4BE5-9874-A2730492F34D}
		{A13310A8-F00D-44C2-9CF3-570FE5F011EB} = {756E5276-66F5-4BE5-9874-A2730492F34D}
		{63CC064F-9BAD-4C0E-AB5C-27038123679C} = {5A0EEA1C-EBAC-4564-AE3B-8AE9D578F5BA}
		{923FFD54-E769-48A7-BFC7-9080F54FCB62} = {91047BFC-C591-4896-98E8-544ACCACD8F3}
		{073D9ED5-EFE1-48B1-94FC-5100E7D73A41} = {91047BFC-C591-4896-98E8-544ACCACD8F3}
	EndGlobalSection
EndGlobal
