
Microsoft Visual Studio Solution File, Format Version 12.00
Project("{FAE04EC0-301F-11D3-BF4B-00C04F79EFBC}") = "AXLBookCatalog", "AXLBookCatalog\AXLBookCatalog.csproj", "{3D810C3F-029C-41BB-B016-CF6554F02E19}"
EndProject
Project("{2150E333-8FDC-42A3-9474-1A3956D46DE8}") = "src", "src", "{C2402B5C-2CD0-49E6-A91E-8D005B46F352}"
EndProject
Project("{2150E333-8FDC-42A3-9474-1A3956D46DE8}") = "Application", "Application", "{756E5276-66F5-4BE5-9874-A2730492F34D}"
EndProject
Project("{2150E333-8FDC-42A3-9474-1A3956D46DE8}") = "Domain", "Domain", "{9087A3A3-CA09-44D8-8186-364193084392}"
EndProject
Project("{2150E333-8FDC-42A3-9474-1A3956D46DE8}") = "Infrastructure", "Infrastructure", "{5A0EEA1C-EBAC-4564-AE3B-8AE9D578F5BA}"
EndProject
Project("{2150E333-8FDC-42A3-9474-1A3956D46DE8}") = "Presentation", "Presentation", "{91047BFC-C591-4896-98E8-544ACCACD8F3}"
EndProject
Project("{FAE04EC0-301F-11D3-BF4B-00C04F79EFBC}") = "Domain", "Domain\Domain.csproj", "{1BD35F8E-706E-44BB-862F-84D1CFA7CF16}"
EndProject
Global
	GlobalSection(SolutionConfigurationPlatforms) = preSolution
		Debug|Any CPU = Debug|Any CPU
		Release|Any CPU = Release|Any CPU
	EndGlobalSection
	GlobalSection(ProjectConfigurationPlatforms) = postSolution
		{3D810C3F-029C-41BB-B016-CF6554F02E19}.Debug|Any CPU.ActiveCfg = Debug|Any CPU
		{3D810C3F-029C-41BB-B016-CF6554F02E19}.Debug|Any CPU.Build.0 = Debug|Any CPU
		{3D810C3F-029C-41BB-B016-CF6554F02E19}.Release|Any CPU.ActiveCfg = Release|Any CPU
		{3D810C3F-029C-41BB-B016-CF6554F02E19}.Release|Any CPU.Build.0 = Release|Any CPU
		{1BD35F8E-706E-44BB-862F-84D1CFA7CF16}.Debug|Any CPU.ActiveCfg = Debug|Any CPU
		{1BD35F8E-706E-44BB-862F-84D1CFA7CF16}.Debug|Any CPU.Build.0 = Debug|Any CPU
		{1BD35F8E-706E-44BB-862F-84D1CFA7CF16}.Release|Any CPU.ActiveCfg = Release|Any CPU
		{1BD35F8E-706E-44BB-862F-84D1CFA7CF16}.Release|Any CPU.Build.0 = Release|Any CPU
	EndGlobalSection
	GlobalSection(NestedProjects) = preSolution
		{756E5276-66F5-4BE5-9874-A2730492F34D} = {C2402B5C-2CD0-49E6-A91E-8D005B46F352}
		{9087A3A3-CA09-44D8-8186-364193084392} = {C2402B5C-2CD0-49E6-A91E-8D005B46F352}
		{5A0EEA1C-EBAC-4564-AE3B-8AE9D578F5BA} = {C2402B5C-2CD0-49E6-A91E-8D005B46F352}
		{91047BFC-C591-4896-98E8-544ACCACD8F3} = {C2402B5C-2CD0-49E6-A91E-8D005B46F352}
		{1BD35F8E-706E-44BB-862F-84D1CFA7CF16} = {9087A3A3-CA09-44D8-8186-364193084392}
	EndGlobalSection
EndGlobal
